
Microsoft Visual Studio Solution File, Format Version 12.00
# Visual Studio 15
VisualStudioVersion = 15.0.27130.2010
MinimumVisualStudioVersion = 10.0.40219.1
Project("{FAE04EC0-301F-11D3-BF4B-00C04F79EFBC}") = "Listify", "Listify\Listify.csproj", "{F66F83CE-6E1F-4D0B-8FB2-B61597B851FB}"
EndProject
Global
	GlobalSection(SolutionConfigurationPlatforms) = preSolution
		Debug|Any CPU = Debug|Any CPU
		Release|Any CPU = Release|Any CPU
	EndGlobalSection
	GlobalSection(ProjectConfigurationPlatforms) = postSolution
		{F66F83CE-6E1F-4D0B-8FB2-B61597B851FB}.Debug|Any CPU.ActiveCfg = Debug|Any CPU
		{F66F83CE-6E1F-4D0B-8FB2-B61597B851FB}.Debug|Any CPU.Build.0 = Debug|Any CPU
		{F66F83CE-6E1F-4D0B-8FB2-B61597B851FB}.Release|Any CPU.ActiveCfg = Release|Any CPU
		{F66F83CE-6E1F-4D0B-8FB2-B61597B851FB}.Release|Any CPU.Build.0 = Release|Any CPU
	EndGlobalSection
	GlobalSection(SolutionProperties) = preSolution
		HideSolutionNode = FALSE
	EndGlobalSection
	GlobalSection(ExtensibilityGlobals) = postSolution
		SolutionGuid = {9C9AD633-35BA-46B6-8F0A-A988495F7AF7}
	EndGlobalSection
EndGlobal
